<?xml version="1.0" encoding="utf-8"?>
<Project ToolsVersion="4.0" xmlns="http://schemas.microsoft.com/developer/msbuild/2003">
  <ItemGroup>
    <Filter Include="소스 파일">
      <UniqueIdentifier>{4FC737F1-C7A5-4376-A066-2A32D752A2FF}</UniqueIdentifier>
      <Extensions>cpp;c;cc;cxx;def;odl;idl;hpj;bat;asm;asmx</Extensions>
    </Filter>
    <Filter Include="헤더 파일">
      <UniqueIdentifier>{93995380-89BD-4b04-88EB-625FBE52EBFB}</UniqueIdentifier>
      <Extensions>h;hh;hpp;hxx;hm;inl;inc;ipp;xsd</Extensions>
    </Filter>
    <Filter Include="리소스 파일">
      <UniqueIdentifier>{67DA6AB6-F800-4c08-8B7A-83BB121AAD01}</UniqueIdentifier>
      <Extensions>rc;ico;cur;bmp;dlg;rc2;rct;bin;rgs;gif;jpg;jpeg;jpe;resx;tiff;tif;png;wav;mfcribbon-ms</Extensions>
    </Filter>
    <Filter Include="소스 파일\너무어려워잉">
      <UniqueIdentifier>{b3451cb6-5fa8-425b-938d-1463c777cfa4}</UniqueIdentifier>
    </Filter>
  </ItemGroup>
  <ItemGroup>
    <ClCompile Include="PUŽ.cpp">
      <Filter>소스 파일</Filter>
    </ClCompile>
    <ClCompile Include="star3.cpp">
      <Filter>소스 파일</Filter>
    </ClCompile>
    <ClCompile Include="ACM hotel.cpp">
      <Filter>소스 파일</Filter>
    </ClCompile>
    <ClCompile Include="I will be a buneo.cpp">
      <Filter>소스 파일</Filter>
    </ClCompile>
    <ClCompile Include="Fly me to the Alpha Centauri.cpp">
      <Filter>소스 파일</Filter>
    </ClCompile>
    <ClCompile Include="counting sosus.cpp">
      <Filter>소스 파일</Filter>
    </ClCompile>
    <ClCompile Include="primeNumber.cpp">
      <Filter>소스 파일</Filter>
    </ClCompile>
    <ClCompile Include="find primeNumbers.cpp">
      <Filter>소스 파일</Filter>
    </ClCompile>
    <ClCompile Include="Betrand Postulate.cpp">
      <Filter>소스 파일</Filter>
    </ClCompile>
    <ClCompile Include="Goldbach%27s Conjecture.cpp">
      <Filter>소스 파일</Filter>
    </ClCompile>
    <ClCompile Include="Exit a rectangle.cpp">
      <Filter>소스 파일</Filter>
    </ClCompile>
    <ClCompile Include="fourth dot.cpp">
      <Filter>소스 파일</Filter>
    </ClCompile>
    <ClCompile Include="Egypt.cpp">
      <Filter>소스 파일</Filter>
    </ClCompile>
    <ClCompile Include="Herman.cpp">
      <Filter>소스 파일</Filter>
    </ClCompile>
    <ClCompile Include="fibo5.cpp">
      <Filter>소스 파일</Filter>
    </ClCompile>
    <ClCompile Include="Jack.cpp">
      <Filter>소스 파일</Filter>
    </ClCompile>
    <ClCompile Include="any thing.cpp">
      <Filter>소스 파일</Filter>
    </ClCompile>
    <ClCompile Include="Digit Generator.cpp">
      <Filter>소스 파일</Filter>
    </ClCompile>
    <ClCompile Include="Big.cpp">
      <Filter>소스 파일</Filter>
    </ClCompile>
    <ClCompile Include="repainting the chess board.cpp">
      <Filter>소스 파일</Filter>
    </ClCompile>
    <ClCompile Include="movie director shom.cpp">
      <Filter>소스 파일</Filter>
    </ClCompile>
    <ClCompile Include="Sort 1.cpp">
      <Filter>소스 파일</Filter>
    </ClCompile>
    <ClCompile Include="statistics.cpp">
      <Filter>소스 파일</Filter>
    </ClCompile>
    <ClCompile Include="sort inside.cpp">
      <Filter>소스 파일</Filter>
    </ClCompile>
    <ClCompile Include="soft coord.cpp">
      <Filter>소스 파일</Filter>
    </ClCompile>
    <ClCompile Include="sort word.cpp">
      <Filter>소스 파일</Filter>
    </ClCompile>
    <ClCompile Include="sort age.cpp">
      <Filter>소스 파일</Filter>
    </ClCompile>
    <ClCompile Include="N! mod P.cpp">
      <Filter>소스 파일</Filter>
    </ClCompile>
    <ClCompile Include="N and M.cpp">
      <Filter>소스 파일</Filter>
    </ClCompile>
    <ClCompile Include="N-Queen.cpp">
      <Filter>소스 파일</Filter>
    </ClCompile>
    <ClCompile Include="Sudoku.cpp">
      <Filter>소스 파일</Filter>
    </ClCompile>
    <ClCompile Include="insert op.cpp">
      <Filter>소스 파일</Filter>
    </ClCompile>
    <ClCompile Include="start and link.cpp">
      <Filter>소스 파일</Filter>
    </ClCompile>
    <ClCompile Include="fibo.cpp">
      <Filter>소스 파일</Filter>
    </ClCompile>
    <ClCompile Include="01Tile.cpp">
      <Filter>소스 파일</Filter>
    </ClCompile>
    <ClCompile Include="padovan squence.cpp">
      <Filter>소스 파일</Filter>
    </ClCompile>
    <ClCompile Include="rgb street.cpp">
      <Filter>소스 파일</Filter>
    </ClCompile>
    <ClCompile Include="The Triangle.cpp">
      <Filter>소스 파일</Filter>
    </ClCompile>
    <ClCompile Include="climbing upstairs.cpp">
      <Filter>소스 파일</Filter>
    </ClCompile>
    <ClCompile Include="Make to one.cpp">
      <Filter>소스 파일</Filter>
    </ClCompile>
    <ClCompile Include="Easy Stair Count.cpp">
      <Filter>소스 파일</Filter>
    </ClCompile>
    <ClCompile Include="tasting wine.cpp">
      <Filter>소스 파일</Filter>
    </ClCompile>
    <ClCompile Include="The Longest Increasing Sequence.cpp">
      <Filter>소스 파일</Filter>
    </ClCompile>
    <ClCompile Include="Electric Wire.cpp">
      <Filter>소스 파일</Filter>
    </ClCompile>
    <ClCompile Include="LCS.cpp">
      <Filter>소스 파일</Filter>
    </ClCompile>
    <ClCompile Include="continueSum.cpp">
      <Filter>소스 파일</Filter>
    </ClCompile>
    <ClCompile Include="normal bag.cpp">
      <Filter>소스 파일</Filter>
    </ClCompile>
    <ClCompile Include="Coin 0.cpp">
      <Filter>소스 파일</Filter>
    </ClCompile>
    <ClCompile Include="assigning meeting room.cpp">
      <Filter>소스 파일</Filter>
    </ClCompile>
    <ClCompile Include="_functions.cpp">
      <Filter>소스 파일</Filter>
    </ClCompile>
    <ClCompile Include="ATM.cpp">
      <Filter>소스 파일</Filter>
    </ClCompile>
    <ClCompile Include="losting bracket.py">
      <Filter>소스 파일</Filter>
    </ClCompile>
    <ClCompile Include="Factors and Multiples.cpp">
      <Filter>소스 파일</Filter>
    </ClCompile>
    <ClCompile Include="Factor.cpp">
      <Filter>소스 파일</Filter>
    </ClCompile>
    <ClCompile Include="Factorization.cpp">
      <Filter>소스 파일</Filter>
    </ClCompile>
    <ClCompile Include="Greatest common factor and leasst common multiple.cpp">
      <Filter>소스 파일</Filter>
    </ClCompile>
    <ClCompile Include="Granica.cpp">
      <Filter>소스 파일</Filter>
    </ClCompile>
    <ClCompile Include="ring.cpp">
      <Filter>소스 파일</Filter>
    </ClCompile>
    <ClCompile Include="bionomical 1.cpp">
      <Filter>소스 파일</Filter>
    </ClCompile>
    <ClCompile Include="bionomical 2.cpp">
      <Filter>소스 파일</Filter>
    </ClCompile>
    <ClCompile Include="overflow and moduler.cpp">
      <Filter>소스 파일</Filter>
    </ClCompile>
    <ClCompile Include="fashion king.py">
      <Filter>소스 파일</Filter>
    </ClCompile>
    <ClCompile Include="the count of factorial 0.cpp">
      <Filter>소스 파일</Filter>
    </ClCompile>
    <ClCompile Include="cnt of combination 0.cpp">
      <Filter>소스 파일</Filter>
    </ClCompile>
    <ClCompile Include="Sang lardopp.cpp">
      <Filter>소스 파일</Filter>
    </ClCompile>
    <ClCompile Include="_test.cpp">
      <Filter>소스 파일</Filter>
    </ClCompile>
    <ClCompile Include="stack.cpp">
      <Filter>소스 파일</Filter>
    </ClCompile>
    <ClCompile Include="zero.cpp">
      <Filter>소스 파일</Filter>
    </ClCompile>
    <ClCompile Include="bracket.cpp">
      <Filter>소스 파일</Filter>
    </ClCompile>
    <ClCompile Include="blanced world.py">
      <Filter>소스 파일</Filter>
    </ClCompile>
    <ClCompile Include="stack seq.cpp">
      <Filter>소스 파일</Filter>
    </ClCompile>
    <ClCompile Include="find 814-2.cpp">
      <Filter>소스 파일</Filter>
    </ClCompile>
    <ClCompile Include="N1.cpp">
      <Filter>소스 파일</Filter>
    </ClCompile>
    <ClCompile Include="Queue2.cpp">
      <Filter>소스 파일</Filter>
    </ClCompile>
    <ClCompile Include="Card2.cpp">
      <Filter>소스 파일</Filter>
    </ClCompile>
    <ClCompile Include="yosepusu.cpp">
      <Filter>소스 파일</Filter>
    </ClCompile>
    <ClCompile Include="_Queue.cpp">
      <Filter>소스 파일</Filter>
    </ClCompile>
    <ClCompile Include="Printer queue.cpp">
      <Filter>소스 파일</Filter>
    </ClCompile>
    <ClCompile Include="Deque.cpp">
      <Filter>소스 파일</Filter>
    </ClCompile>
    <ClCompile Include="revolving queue.cpp">
      <Filter>소스 파일</Filter>
    </ClCompile>
    <ClCompile Include="AC.py">
      <Filter>소스 파일</Filter>
    </ClCompile>
    <ClCompile Include="+자연수 분해.cpp">
      <Filter>소스 파일</Filter>
    </ClCompile>
    <ClCompile Include="making paper.cpp">
      <Filter>소스 파일</Filter>
    </ClCompile>
    <ClCompile Include="Quad Tree.cpp">
      <Filter>소스 파일</Filter>
    </ClCompile>
    <ClCompile Include="The number of papers.cpp">
      <Filter>소스 파일</Filter>
    </ClCompile>
    <ClCompile Include="Multiply.cpp">
      <Filter>소스 파일</Filter>
    </ClCompile>
    <ClCompile Include="bino3.py">
      <Filter>소스 파일</Filter>
    </ClCompile>
    <ClCompile Include="Matrix Multiply.cpp">
      <Filter>소스 파일</Filter>
    </ClCompile>
    <ClCompile Include="Matrix Multiply2.cpp">
      <Filter>소스 파일</Filter>
    </ClCompile>
    <ClCompile Include="_Matrix.cpp">
      <Filter>소스 파일</Filter>
    </ClCompile>
    <ClCompile Include="pisano period.cpp">
      <Filter>소스 파일</Filter>
    </ClCompile>
    <ClCompile Include="mean score.cpp">
      <Filter>소스 파일</Filter>
    </ClCompile>
    <ClCompile Include="star 13.cpp">
      <Filter>소스 파일</Filter>
    </ClCompile>
    <ClCompile Include="star 9.cpp">
      <Filter>소스 파일</Filter>
    </ClCompile>
    <ClCompile Include="star 21.cpp">
      <Filter>소스 파일</Filter>
    </ClCompile>
    <ClCompile Include="fibo3.cpp">
      <Filter>소스 파일</Filter>
    </ClCompile>
    <ClCompile Include="the biggest rect in histogram.cpp">
      <Filter>소스 파일</Filter>
    </ClCompile>
    <ClCompile Include="_SegmentTree.cpp">
      <Filter>소스 파일</Filter>
    </ClCompile>
    <ClCompile Include="area sum.cpp">
      <Filter>소스 파일</Filter>
    </ClCompile>
    <ClCompile Include="min.cpp">
      <Filter>소스 파일</Filter>
    </ClCompile>
    <ClCompile Include="min and max.cpp">
      <Filter>소스 파일</Filter>
    </ClCompile>
    <ClCompile Include="factory.cpp">
      <Filter>소스 파일</Filter>
    </ClCompile>
    <ClCompile Include="사분면 고르기.cpp">
      <Filter>소스 파일</Filter>
    </ClCompile>
    <ClCompile Include="선 긋기.cpp">
      <Filter>소스 파일</Filter>
    </ClCompile>
    <ClCompile Include="북서풍.cpp">
      <Filter>소스 파일\너무어려워잉</Filter>
    </ClCompile>
    <ClCompile Include="커피숍2.cpp">
      <Filter>소스 파일</Filter>
    </ClCompile>
    <ClCompile Include="구간 곱 구하기.cpp">
      <Filter>소스 파일</Filter>
    </ClCompile>
    <ClCompile Include="구간 곱 구하기(2).cpp">
      <Filter>소스 파일</Filter>
    </ClCompile>
    <ClCompile Include="영화수집.cpp">
      <Filter>소스 파일</Filter>
    </ClCompile>
    <ClCompile Include="사탕상자.cpp">
      <Filter>소스 파일</Filter>
    </ClCompile>
    <ClCompile Include="스위치.cpp">
      <Filter>소스 파일</Filter>
    </ClCompile>
    <ClCompile Include="구간 합 구하기 2.cpp">
      <Filter>소스 파일</Filter>
    </ClCompile>
    <ClCompile Include="xor.cpp">
      <Filter>소스 파일</Filter>
    </ClCompile>
    <ClCompile Include="JuQueen.cpp">
      <Filter>소스 파일\너무어려워잉</Filter>
    </ClCompile>
    <ClCompile Include="k번째 수.cpp">
      <Filter>소스 파일</Filter>
    </ClCompile>
    <ClCompile Include="Egg.cpp">
      <Filter>소스 파일</Filter>
    </ClCompile>
    <ClCompile Include="XOR 쿼리.cpp">
      <Filter>소스 파일</Filter>
    </ClCompile>
    <ClCompile Include="음주 코딩.cpp">
      <Filter>소스 파일</Filter>
    </ClCompile>
    <ClCompile Include="보물.cpp">
      <Filter>소스 파일</Filter>
    </ClCompile>
    <ClCompile Include="문자열.py">
      <Filter>소스 파일</Filter>
    </ClCompile>
    <ClCompile Include="분산처리.cpp">
      <Filter>소스 파일</Filter>
    </ClCompile>
    <ClCompile Include="다리놓기.cpp">
      <Filter>소스 파일</Filter>
    </ClCompile>
    <ClCompile Include="히스토그램.cpp">
      <Filter>소스 파일</Filter>
    </ClCompile>
    <ClCompile Include="동전 2.cpp">
      <Filter>소스 파일</Filter>
    </ClCompile>
    <ClCompile Include="종이의 개수.cpp">
      <Filter>소스 파일</Filter>
    </ClCompile>
    <ClCompile Include="양.cpp">
      <Filter>소스 파일</Filter>
    </ClCompile>
    <ClCompile Include="명령 프롬프트.cpp">
      <Filter>소스 파일</Filter>
    </ClCompile>
    <ClCompile Include="유기농 배추.cpp">
      <Filter>소스 파일</Filter>
    </ClCompile>
    <ClCompile Include="제곱 ㄴㄴ수.cpp">
      <Filter>소스 파일</Filter>
    </ClCompile>
    <ClCompile Include="부분수열의 합.cpp">
      <Filter>소스 파일</Filter>
    </ClCompile>
    <ClCompile Include="어린왕자.cpp">
      <Filter>소스 파일</Filter>
    </ClCompile>
    <ClCompile Include="나누기.cpp">
      <Filter>소스 파일</Filter>
    </ClCompile>
    <ClCompile Include="Z.cpp">
      <Filter>소스 파일</Filter>
    </ClCompile>
    <ClCompile Include="줄 세우기.cpp">
      <Filter>소스 파일</Filter>
    </ClCompile>
    <ClCompile Include="ACM Craft.cpp">
      <Filter>소스 파일</Filter>
    </ClCompile>
    <ClCompile Include="문제집.cpp">
      <Filter>소스 파일</Filter>
    </ClCompile>
    <ClCompile Include="부등호.cpp">
      <Filter>소스 파일</Filter>
    </ClCompile>
    <ClCompile Include="수열 정렬.cpp">
      <Filter>소스 파일</Filter>
    </ClCompile>
    <ClCompile Include="개임 개발.cpp">
      <Filter>소스 파일</Filter>
    </ClCompile>
    <ClCompile Include="음악프로그램.cpp">
      <Filter>소스 파일</Filter>
    </ClCompile>
    <ClCompile Include="최종 순위.cpp">
      <Filter>소스 파일</Filter>
    </ClCompile>
    <ClCompile Include="임계경로.cpp">
      <Filter>소스 파일</Filter>
    </ClCompile>
    <ClCompile Include="가운데를 말해요.cpp">
      <Filter>소스 파일</Filter>
    </ClCompile>
    <ClCompile Include="특정한 최단 경로.cpp">
      <Filter>소스 파일</Filter>
    </ClCompile>
    <ClCompile Include="습격자 초라기.cpp">
      <Filter>소스 파일\너무어려워잉</Filter>
    </ClCompile>
    <ClCompile Include="자전거 경주 준비하기.cpp">
      <Filter>소스 파일</Filter>
    </ClCompile>
    <ClCompile Include="막대기.cpp">
      <Filter>소스 파일</Filter>
    </ClCompile>
    <ClCompile Include="수2.cpp">
      <Filter>소스 파일</Filter>
    </ClCompile>
    <ClCompile Include="하얀칸.cpp">
      <Filter>소스 파일</Filter>
    </ClCompile>
    <ClCompile Include="감소하는 수.cpp">
      <Filter>소스 파일</Filter>
    </ClCompile>
    <ClCompile Include="문자열 폭발.cpp">
      <Filter>소스 파일</Filter>
    </ClCompile>
    <ClCompile Include="책 페이지.cpp">
      <Filter>소스 파일</Filter>
    </ClCompile>
    <ClCompile Include="음식 평론가.cpp">
      <Filter>소스 파일\너무어려워잉</Filter>
    </ClCompile>
    <ClCompile Include="LCS3.cpp">
      <Filter>소스 파일</Filter>
    </ClCompile>
  </ItemGroup>
</Project>